
Microsoft Visual Studio Solution File, Format Version 12.00
# Visual Studio Version 16
VisualStudioVersion = 16.0.30523.141
MinimumVisualStudioVersion = 10.0.40219.1
Project("{FAE04EC0-301F-11D3-BF4B-00C04F79EFBC}") = "ProiectDAWCS", "ProiectDAWCS\ProiectDAWCS.csproj", "{13D9D26E-DCD8-40E5-9577-60A1EE5174D6}"
EndProject
Global
	GlobalSection(SolutionConfigurationPlatforms) = preSolution
		Debug|Any CPU = Debug|Any CPU
		Release|Any CPU = Release|Any CPU
	EndGlobalSection
	GlobalSection(ProjectConfigurationPlatforms) = postSolution
		{13D9D26E-DCD8-40E5-9577-60A1EE5174D6}.Debug|Any CPU.ActiveCfg = Debug|Any CPU
		{13D9D26E-DCD8-40E5-9577-60A1EE5174D6}.Debug|Any CPU.Build.0 = Debug|Any CPU
		{13D9D26E-DCD8-40E5-9577-60A1EE5174D6}.Release|Any CPU.ActiveCfg = Release|Any CPU
		{13D9D26E-DCD8-40E5-9577-60A1EE5174D6}.Release|Any CPU.Build.0 = Release|Any CPU
	EndGlobalSection
	GlobalSection(SolutionProperties) = preSolution
		HideSolutionNode = FALSE
	EndGlobalSection
	GlobalSection(ExtensibilityGlobals) = postSolution
		SolutionGuid = {A571AFB8-4BDE-412C-8FE1-07DA770242EE}
	EndGlobalSection
EndGlobal
